{
  "name": "first_demo",
  "version": "1.0.0",
  "lockfileVersion": 3,
  "requires": true,
  "packages": {
    "": {
      "name": "first_demo",
      "version": "1.0.0",
      "license": "ISC",
      "dependencies": {
        "@gatling.io/core": "^3.14.306",
        "@gatling.io/http": "^3.14.306"
      }
    },
    "node_modules/@gatling.io/core": {
      "version": "3.14.306",
      "resolved": "https://registry.npmjs.org/@gatling.io/core/-/core-3.14.306.tgz",
      "integrity": "sha512-YJQCcn0DkXmbY2ZDkFb1qP55uqm87LHBuNPPLL1iXbFWVFh/liG9onf1JU5s/e4lefEhBjARmlZG2buHoFVSVQ==",
      "license": "Apache-2.0",
      "dependencies": {
        "@gatling.io/jvm-types": "3.14.306"
      }
    },
    "node_modules/@gatling.io/http": {
      "version": "3.14.306",
      "resolved": "https://registry.npmjs.org/@gatling.io/http/-/http-3.14.306.tgz",
      "integrity": "sha512-GOjBO5A4Uq3Th4rpcoVW+eY4fJo/EyutAvCwLOAXuxDQvVvYaqK7POMQ7z+aQ3CaKKnGtaynmNU4sFoqukBfgQ==",
      "license": "Apache-2.0",
      "dependencies": {
        "@gatling.io/core": "3.14.306",
        "@gatling.io/jvm-types": "3.14.306"
      }
    },
    "node_modules/@gatling.io/jvm-types": {
      "version": "3.14.306",
      "resolved": "https://registry.npmjs.org/@gatling.io/jvm-types/-/jvm-types-3.14.306.tgz",
      "integrity": "sha512-6X3oTWRRTid6E+oiIyjLPvaM27zOeLfbqptglx7O72JO91ufqdssMSmizeo4Dsdr+t5elZahF7YUQEGgtTKX5Q==",
      "license": "Apache-2.0"
    }
  }
}
